
Microsoft Visual Studio Solution File, Format Version 12.00
# Visual Studio Version 17
VisualStudioVersion = 17.9.34701.34
MinimumVisualStudioVersion = 10.0.40219.1
Project("{9A19103F-16F7-4668-BE54-9A1E7A4F7556}") = "ProjectGallery", "ProjectGallery\ProjectGallery.csproj", "{73918C1F-D361-49C9-8756-D3AC69AE905E}"
EndProject
Project("{9A19103F-16F7-4668-BE54-9A1E7A4F7556}") = "Tic_Tac_Toe", "Tic_Tac_Toe\Tic_Tac_Toe.csproj", "{58416930-A1D3-4187-B4EE-B23782EA5D7D}"
EndProject
Project("{9A19103F-16F7-4668-BE54-9A1E7A4F7556}") = "MemoryGame", "MemoryGame\MemoryGame.csproj", "{DE7C85ED-3315-4C80-BB75-8FFFF4C776B9}"
EndProject
Project("{9A19103F-16F7-4668-BE54-9A1E7A4F7556}") = "ClassLibrary", "ClassLibrary\ClassLibrary.csproj", "{2180EEEB-6517-4E89-AD81-2792D0115AD4}"
EndProject
Project("{9A19103F-16F7-4668-BE54-9A1E7A4F7556}") = "PersonManager", "PersonManager\PersonManager.csproj", "{DF8DC50D-324A-4F83-9CC4-1A90624EBA09}"
EndProject
Project("{9A19103F-16F7-4668-BE54-9A1E7A4F7556}") = "ClashOfClansHelper", "ClashOfClansHelper\ClashOfClansHelper.csproj", "{32F0B468-BAFF-422E-B979-95326395F6F1}"
EndProject
Project("{9A19103F-16F7-4668-BE54-9A1E7A4F7556}") = "JokeApp", "JokeApp\JokeApp.csproj", "{78C07BBA-E991-4760-B6D6-794F28813118}"
EndProject
Project("{9A19103F-16F7-4668-BE54-9A1E7A4F7556}") = "UsersAPI", "UsersAPI\UsersAPI.csproj", "{9E34EBDA-D980-4300-822E-0B99B7878494}"
EndProject
Project("{9A19103F-16F7-4668-BE54-9A1E7A4F7556}") = "UsersCRUDApi", "UsersCRUDApi\UsersCRUDApi.csproj", "{219D8B9B-59D9-4BFE-A4ED-AC28DB4E8E33}"
EndProject
Project("{9A19103F-16F7-4668-BE54-9A1E7A4F7556}") = "LinqDemoData", "LinqDemoData\LinqDemoData.csproj", "{59125682-BDEE-4FB6-9A55-1208F5DCA2AD}"
EndProject
Project("{9A19103F-16F7-4668-BE54-9A1E7A4F7556}") = "Pong", "Pong\Pong.csproj", "{DABFCBF6-1AE7-46D5-A5BC-C73F4641F4E7}"
EndProject
Global
	GlobalSection(SolutionConfigurationPlatforms) = preSolution
		Debug|Any CPU = Debug|Any CPU
		Release|Any CPU = Release|Any CPU
	EndGlobalSection
	GlobalSection(ProjectConfigurationPlatforms) = postSolution
		{73918C1F-D361-49C9-8756-D3AC69AE905E}.Debug|Any CPU.ActiveCfg = Debug|Any CPU
		{73918C1F-D361-49C9-8756-D3AC69AE905E}.Debug|Any CPU.Build.0 = Debug|Any CPU
		{73918C1F-D361-49C9-8756-D3AC69AE905E}.Release|Any CPU.ActiveCfg = Release|Any CPU
		{73918C1F-D361-49C9-8756-D3AC69AE905E}.Release|Any CPU.Build.0 = Release|Any CPU
		{58416930-A1D3-4187-B4EE-B23782EA5D7D}.Debug|Any CPU.ActiveCfg = Debug|Any CPU
		{58416930-A1D3-4187-B4EE-B23782EA5D7D}.Debug|Any CPU.Build.0 = Debug|Any CPU
		{58416930-A1D3-4187-B4EE-B23782EA5D7D}.Release|Any CPU.ActiveCfg = Release|Any CPU
		{58416930-A1D3-4187-B4EE-B23782EA5D7D}.Release|Any CPU.Build.0 = Release|Any CPU
		{DE7C85ED-3315-4C80-BB75-8FFFF4C776B9}.Debug|Any CPU.ActiveCfg = Debug|Any CPU
		{DE7C85ED-3315-4C80-BB75-8FFFF4C776B9}.Debug|Any CPU.Build.0 = Debug|Any CPU
		{DE7C85ED-3315-4C80-BB75-8FFFF4C776B9}.Release|Any CPU.ActiveCfg = Release|Any CPU
		{DE7C85ED-3315-4C80-BB75-8FFFF4C776B9}.Release|Any CPU.Build.0 = Release|Any CPU
		{2180EEEB-6517-4E89-AD81-2792D0115AD4}.Debug|Any CPU.ActiveCfg = Debug|Any CPU
		{2180EEEB-6517-4E89-AD81-2792D0115AD4}.Debug|Any CPU.Build.0 = Debug|Any CPU
		{2180EEEB-6517-4E89-AD81-2792D0115AD4}.Release|Any CPU.ActiveCfg = Release|Any CPU
		{2180EEEB-6517-4E89-AD81-2792D0115AD4}.Release|Any CPU.Build.0 = Release|Any CPU
		{DF8DC50D-324A-4F83-9CC4-1A90624EBA09}.Debug|Any CPU.ActiveCfg = Debug|Any CPU
		{DF8DC50D-324A-4F83-9CC4-1A90624EBA09}.Debug|Any CPU.Build.0 = Debug|Any CPU
		{DF8DC50D-324A-4F83-9CC4-1A90624EBA09}.Release|Any CPU.ActiveCfg = Release|Any CPU
		{DF8DC50D-324A-4F83-9CC4-1A90624EBA09}.Release|Any CPU.Build.0 = Release|Any CPU
		{32F0B468-BAFF-422E-B979-95326395F6F1}.Debug|Any CPU.ActiveCfg = Debug|Any CPU
		{32F0B468-BAFF-422E-B979-95326395F6F1}.Debug|Any CPU.Build.0 = Debug|Any CPU
		{32F0B468-BAFF-422E-B979-95326395F6F1}.Release|Any CPU.ActiveCfg = Release|Any CPU
		{32F0B468-BAFF-422E-B979-95326395F6F1}.Release|Any CPU.Build.0 = Release|Any CPU
		{78C07BBA-E991-4760-B6D6-794F28813118}.Debug|Any CPU.ActiveCfg = Debug|Any CPU
		{78C07BBA-E991-4760-B6D6-794F28813118}.Debug|Any CPU.Build.0 = Debug|Any CPU
		{78C07BBA-E991-4760-B6D6-794F28813118}.Release|Any CPU.ActiveCfg = Release|Any CPU
		{78C07BBA-E991-4760-B6D6-794F28813118}.Release|Any CPU.Build.0 = Release|Any CPU
		{9E34EBDA-D980-4300-822E-0B99B7878494}.Debug|Any CPU.ActiveCfg = Debug|Any CPU
		{9E34EBDA-D980-4300-822E-0B99B7878494}.Debug|Any CPU.Build.0 = Debug|Any CPU
		{9E34EBDA-D980-4300-822E-0B99B7878494}.Release|Any CPU.ActiveCfg = Release|Any CPU
		{9E34EBDA-D980-4300-822E-0B99B7878494}.Release|Any CPU.Build.0 = Release|Any CPU
		{219D8B9B-59D9-4BFE-A4ED-AC28DB4E8E33}.Debug|Any CPU.ActiveCfg = Debug|Any CPU
		{219D8B9B-59D9-4BFE-A4ED-AC28DB4E8E33}.Debug|Any CPU.Build.0 = Debug|Any CPU
		{219D8B9B-59D9-4BFE-A4ED-AC28DB4E8E33}.Release|Any CPU.ActiveCfg = Release|Any CPU
		{219D8B9B-59D9-4BFE-A4ED-AC28DB4E8E33}.Release|Any CPU.Build.0 = Release|Any CPU
		{59125682-BDEE-4FB6-9A55-1208F5DCA2AD}.Debug|Any CPU.ActiveCfg = Debug|Any CPU
		{59125682-BDEE-4FB6-9A55-1208F5DCA2AD}.Debug|Any CPU.Build.0 = Debug|Any CPU
		{59125682-BDEE-4FB6-9A55-1208F5DCA2AD}.Release|Any CPU.ActiveCfg = Release|Any CPU
		{59125682-BDEE-4FB6-9A55-1208F5DCA2AD}.Release|Any CPU.Build.0 = Release|Any CPU
		{DABFCBF6-1AE7-46D5-A5BC-C73F4641F4E7}.Debug|Any CPU.ActiveCfg = Debug|Any CPU
		{DABFCBF6-1AE7-46D5-A5BC-C73F4641F4E7}.Debug|Any CPU.Build.0 = Debug|Any CPU
		{DABFCBF6-1AE7-46D5-A5BC-C73F4641F4E7}.Release|Any CPU.ActiveCfg = Release|Any CPU
		{DABFCBF6-1AE7-46D5-A5BC-C73F4641F4E7}.Release|Any CPU.Build.0 = Release|Any CPU
	EndGlobalSection
	GlobalSection(SolutionProperties) = preSolution
		HideSolutionNode = FALSE
	EndGlobalSection
	GlobalSection(ExtensibilityGlobals) = postSolution
		SolutionGuid = {4EE5C52C-5886-48E0-8F98-14A07CFC11D5}
	EndGlobalSection
EndGlobal
